// !$*UTF8*$!
{
	archiveVersion = 1;
	classes = {
	};
	objectVersion = 55;
	objects = {

/* Begin PBXBuildFile section */
		14CE02A928B53F5D0063A0BF /* cowboy_cardsApp.swift in Sources */ = {isa = PBXBuildFile; fileRef = 14CE02A828B53F5D0063A0BF /* cowboy_cardsApp.swift */; };
		14CE02AB28B53F5D0063A0BF /* ContentView.swift in Sources */ = {isa = PBXBuildFile; fileRef = 14CE02AA28B53F5D0063A0BF /* ContentView.swift */; };
		14CE02AD28B53F610063A0BF /* Assets.xcassets in Resources */ = {isa = PBXBuildFile; fileRef = 14CE02AC28B53F610063A0BF /* Assets.xcassets */; };
		14CE02B028B53F610063A0BF /* Preview Assets.xcassets in Resources */ = {isa = PBXBuildFile; fileRef = 14CE02AF28B53F610063A0BF /* Preview Assets.xcassets */; };
		14CE02BA28B53F620063A0BF /* cowboy_cardsTests.swift in Sources */ = {isa = PBXBuildFile; fileRef = 14CE02B928B53F620063A0BF /* cowboy_cardsTests.swift */; };
		14CE02C428B53F620063A0BF /* cowboy_cardsUITests.swift in Sources */ = {isa = PBXBuildFile; fileRef = 14CE02C328B53F620063A0BF /* cowboy_cardsUITests.swift */; };
		14CE02C628B53F620063A0BF /* cowboy_cardsUITestsLaunchTests.swift in Sources */ = {isa = PBXBuildFile; fileRef = 14CE02C528B53F620063A0BF /* cowboy_cardsUITestsLaunchTests.swift */; };
/* End PBXBuildFile section */

/* Begin PBXContainerItemProxy section */
		14CE02B628B53F620063A0BF /* PBXContainerItemProxy */ = {
			isa = PBXContainerItemProxy;
			containerPortal = 14CE029D28B53F5D0063A0BF /* Project object */;
			proxyType = 1;
			remoteGlobalIDString = 14CE02A428B53F5D0063A0BF;
			remoteInfo = cowboy_cards;
		};
		14CE02C028B53F620063A0BF /* PBXContainerItemProxy */ = {
			isa = PBXContainerItemProxy;
			containerPortal = 14CE029D28B53F5D0063A0BF /* Project object */;
			proxyType = 1;
			remoteGlobalIDString = 14CE02A428B53F5D0063A0BF;
			remoteInfo = cowboy_cards;
		};
/* End PBXContainerItemProxy section */

/* Begin PBXFileReference section */
		14CE02A528B53F5D0063A0BF /* cowboy_cards.app */ = {isa = PBXFileReference; explicitFileType = wrapper.application; includeInIndex = 0; path = cowboy_cards.app; sourceTree = BUILT_PRODUCTS_DIR; };
		14CE02A828B53F5D0063A0BF /* cowboy_cardsApp.swift */ = {isa = PBXFileReference; lastKnownFileType = sourcecode.swift; path = cowboy_cardsApp.swift; sourceTree = "<group>"; };
		14CE02AA28B53F5D0063A0BF /* ContentView.swift */ = {isa = PBXFileReference; lastKnownFileType = sourcecode.swift; path = ContentView.swift; sourceTree = "<group>"; };
		14CE02AC28B53F610063A0BF /* Assets.xcassets */ = {isa = PBXFileReference; lastKnownFileType = folder.assetcatalog; path = Assets.xcassets; sourceTree = "<group>"; };
		14CE02AF28B53F610063A0BF /* Preview Assets.xcassets */ = {isa = PBXFileReference; lastKnownFileType = folder.assetcatalog; path = "Preview Assets.xcassets"; sourceTree = "<group>"; };
		14CE02B528B53F620063A0BF /* cowboy_cardsTests.xctest */ = {isa = PBXFileReference; explicitFileType = wrapper.cfbundle; includeInIndex = 0; path = cowboy_cardsTests.xctest; sourceTree = BUILT_PRODUCTS_DIR; };
		14CE02B928B53F620063A0BF /* cowboy_cardsTests.swift */ = {isa = PBXFileReference; lastKnownFileType = sourcecode.swift; path = cowboy_cardsTests.swift; sourceTree = "<group>"; };
		14CE02BF28B53F620063A0BF /* cowboy_cardsUITests.xctest */ = {isa = PBXFileReference; explicitFileType = wrapper.cfbundle; includeInIndex = 0; path = cowboy_cardsUITests.xctest; sourceTree = BUILT_PRODUCTS_DIR; };
		14CE02C328B53F620063A0BF /* cowboy_cardsUITests.swift */ = {isa = PBXFileReference; lastKnownFileType = sourcecode.swift; path = cowboy_cardsUITests.swift; sourceTree = "<group>"; };
		14CE02C528B53F620063A0BF /* cowboy_cardsUITestsLaunchTests.swift */ = {isa = PBXFileReference; lastKnownFileType = sourcecode.swift; path = cowboy_cardsUITestsLaunchTests.swift; sourceTree = "<group>"; };
/* End PBXFileReference section */

/* Begin PBXFrameworksBuildPhase section */
		14CE02A228B53F5D0063A0BF /* Frameworks */ = {
			isa = PBXFrameworksBuildPhase;
			buildActionMask = 2147483647;
			files = (
			);
			runOnlyForDeploymentPostprocessing = 0;
		};
		14CE02B228B53F620063A0BF /* Frameworks */ = {
			isa = PBXFrameworksBuildPhase;
			buildActionMask = 2147483647;
			files = (
			);
			runOnlyForDeploymentPostprocessing = 0;
		};
		14CE02BC28B53F620063A0BF /* Frameworks */ = {
			isa = PBXFrameworksBuildPhase;
			buildActionMask = 2147483647;
			files = (
			);
			runOnlyForDeploymentPostprocessing = 0;
		};
/* End PBXFrameworksBuildPhase section */

/* Begin PBXGroup section */
		14CE029C28B53F5D0063A0BF = {
			isa = PBXGroup;
			children = (
				14CE02A728B53F5D0063A0BF /* cowboy_cards */,
				14CE02B828B53F620063A0BF /* cowboy_cardsTests */,
				14CE02C228B53F620063A0BF /* cowboy_cardsUITests */,
				14CE02A628B53F5D0063A0BF /* Products */,
			);
			sourceTree = "<group>";
		};
		14CE02A628B53F5D0063A0BF /* Products */ = {
			isa = PBXGroup;
			children = (
				14CE02A528B53F5D0063A0BF /* cowboy_cards.app */,
				14CE02B528B53F620063A0BF /* cowboy_cardsTests.xctest */,
				14CE02BF28B53F620063A0BF /* cowboy_cardsUITests.xctest */,
			);
			name = Products;
			sourceTree = "<group>";
		};
		14CE02A728B53F5D0063A0BF /* cowboy_cards */ = {
			isa = PBXGroup;
			children = (
				14CE02A828B53F5D0063A0BF /* cowboy_cardsApp.swift */,
				14CE02AA28B53F5D0063A0BF /* ContentView.swift */,
				14CE02AC28B53F610063A0BF /* Assets.xcassets */,
				14CE02AE28B53F610063A0BF /* Preview Content */,
			);
			path = cowboy_cards;
			sourceTree = "<group>";
		};
		14CE02AE28B53F610063A0BF /* Preview Content */ = {
			isa = PBXGroup;
			children = (
				14CE02AF28B53F610063A0BF /* Preview Assets.xcassets */,
			);
			path = "Preview Content";
			sourceTree = "<group>";
		};
		14CE02B828B53F620063A0BF /* cowboy_cardsTests */ = {
			isa = PBXGroup;
			children = (
				14CE02B928B53F620063A0BF /* cowboy_cardsTests.swift */,
			);
			path = cowboy_cardsTests;
			sourceTree = "<group>";
		};
		14CE02C228B53F620063A0BF /* cowboy_cardsUITests */ = {
			isa = PBXGroup;
			children = (
				14CE02C328B53F620063A0BF /* cowboy_cardsUITests.swift */,
				14CE02C528B53F620063A0BF /* cowboy_cardsUITestsLaunchTests.swift */,
			);
			path = cowboy_cardsUITests;
			sourceTree = "<group>";
		};
/* End PBXGroup section */

/* Begin PBXNativeTarget section */
		14CE02A428B53F5D0063A0BF /* cowboy_cards */ = {
			isa = PBXNativeTarget;
			buildConfigurationList = 14CE02C928B53F620063A0BF /* Build configuration list for PBXNativeTarget "cowboy_cards" */;
			buildPhases = (
				14CE02A128B53F5D0063A0BF /* Sources */,
				14CE02A228B53F5D0063A0BF /* Frameworks */,
				14CE02A328B53F5D0063A0BF /* Resources */,
			);
			buildRules = (
			);
			dependencies = (
			);
			name = cowboy_cards;
			productName = cowboy_cards;
			productReference = 14CE02A528B53F5D0063A0BF /* cowboy_cards.app */;
			productType = "com.apple.product-type.application";
		};
		14CE02B428B53F620063A0BF /* cowboy_cardsTests */ = {
			isa = PBXNativeTarget;
			buildConfigurationList = 14CE02CC28B53F620063A0BF /* Build configuration list for PBXNativeTarget "cowboy_cardsTests" */;
			buildPhases = (
				14CE02B128B53F620063A0BF /* Sources */,
				14CE02B228B53F620063A0BF /* Frameworks */,
				14CE02B328B53F620063A0BF /* Resources */,
			);
			buildRules = (
			);
			dependencies = (
				14CE02B728B53F620063A0BF /* PBXTargetDependency */,
			);
			name = cowboy_cardsTests;
			productName = cowboy_cardsTests;
			productReference = 14CE02B528B53F620063A0BF /* cowboy_cardsTests.xctest */;
			productType = "com.apple.product-type.bundle.unit-test";
		};
		14CE02BE28B53F620063A0BF /* cowboy_cardsUITests */ = {
			isa = PBXNativeTarget;
			buildConfigurationList = 14CE02CF28B53F620063A0BF /* Build configuration list for PBXNativeTarget "cowboy_cardsUITests" */;
			buildPhases = (
				14CE02BB28B53F620063A0BF /* Sources */,
				14CE02BC28B53F620063A0BF /* Frameworks */,
				14CE02BD28B53F620063A0BF /* Resources */,
			);
			buildRules = (
			);
			dependencies = (
				14CE02C128B53F620063A0BF /* PBXTargetDependency */,
			);
			name = cowboy_cardsUITests;
			productName = cowboy_cardsUITests;
			productReference = 14CE02BF28B53F620063A0BF /* cowboy_cardsUITests.xctest */;
			productType = "com.apple.product-type.bundle.ui-testing";
		};
/* End PBXNativeTarget section */

/* Begin PBXProject section */
		14CE029D28B53F5D0063A0BF /* Project object */ = {
			isa = PBXProject;
			attributes = {
				BuildIndependentTargetsInParallel = 1;
				LastSwiftUpdateCheck = 1340;
				LastUpgradeCheck = 1340;
				TargetAttributes = {
					14CE02A428B53F5D0063A0BF = {
						CreatedOnToolsVersion = 13.4.1;
					};
					14CE02B428B53F620063A0BF = {
						CreatedOnToolsVersion = 13.4.1;
						TestTargetID = 14CE02A428B53F5D0063A0BF;
					};
					14CE02BE28B53F620063A0BF = {
						CreatedOnToolsVersion = 13.4.1;
						TestTargetID = 14CE02A428B53F5D0063A0BF;
					};
				};
			};
			buildConfigurationList = 14CE02A028B53F5D0063A0BF /* Build configuration list for PBXProject "cowboy_cards" */;
			compatibilityVersion = "Xcode 13.0";
			developmentRegion = en;
			hasScannedForEncodings = 0;
			knownRegions = (
				en,
				Base,
			);
			mainGroup = 14CE029C28B53F5D0063A0BF;
			productRefGroup = 14CE02A628B53F5D0063A0BF /* Products */;
			projectDirPath = "";
			projectRoot = "";
			targets = (
				14CE02A428B53F5D0063A0BF /* cowboy_cards */,
				14CE02B428B53F620063A0BF /* cowboy_cardsTests */,
				14CE02BE28B53F620063A0BF /* cowboy_cardsUITests */,
			);
		};
/* End PBXProject section */

/* Begin PBXResourcesBuildPhase section */
		14CE02A328B53F5D0063A0BF /* Resources */ = {
			isa = PBXResourcesBuildPhase;
			buildActionMask = 2147483647;
			files = (
				14CE02B028B53F610063A0BF /* Preview Assets.xcassets in Resources */,
				14CE02AD28B53F610063A0BF /* Assets.xcassets in Resources */,
			);
			runOnlyForDeploymentPostprocessing = 0;
		};
		14CE02B328B53F620063A0BF /* Resources */ = {
			isa = PBXResourcesBuildPhase;
			buildActionMask = 2147483647;
			files = (
			);
			runOnlyForDeploymentPostprocessing = 0;
		};
		14CE02BD28B53F620063A0BF /* Resources */ = {
			isa = PBXResourcesBuildPhase;
			buildActionMask = 2147483647;
			files = (
			);
			runOnlyForDeploymentPostprocessing = 0;
		};
/* End PBXResourcesBuildPhase section */

/* Begin PBXSourcesBuildPhase section */
		14CE02A128B53F5D0063A0BF /* Sources */ = {
			isa = PBXSourcesBuildPhase;
			buildActionMask = 2147483647;
			files = (
				14CE02AB28B53F5D0063A0BF /* ContentView.swift in Sources */,
				14CE02A928B53F5D0063A0BF /* cowboy_cardsApp.swift in Sources */,
			);
			runOnlyForDeploymentPostprocessing = 0;
		};
		14CE02B128B53F620063A0BF /* Sources */ = {
			isa = PBXSourcesBuildPhase;
			buildActionMask = 2147483647;
			files = (
				14CE02BA28B53F620063A0BF /* cowboy_cardsTests.swift in Sources */,
			);
			runOnlyForDeploymentPostprocessing = 0;
		};
		14CE02BB28B53F620063A0BF /* Sources */ = {
			isa = PBXSourcesBuildPhase;
			buildActionMask = 2147483647;
			files = (
				14CE02C428B53F620063A0BF /* cowboy_cardsUITests.swift in Sources */,
				14CE02C628B53F620063A0BF /* cowboy_cardsUITestsLaunchTests.swift in Sources */,
			);
			runOnlyForDeploymentPostprocessing = 0;
		};
/* End PBXSourcesBuildPhase section */

/* Begin PBXTargetDependency section */
		14CE02B728B53F620063A0BF /* PBXTargetDependency */ = {
			isa = PBXTargetDependency;
			target = 14CE02A428B53F5D0063A0BF /* cowboy_cards */;
			targetProxy = 14CE02B628B53F620063A0BF /* PBXContainerItemProxy */;
		};
		14CE02C128B53F620063A0BF /* PBXTargetDependency */ = {
			isa = PBXTargetDependency;
			target = 14CE02A428B53F5D0063A0BF /* cowboy_cards */;
			targetProxy = 14CE02C028B53F620063A0BF /* PBXContainerItemProxy */;
		};
/* End PBXTargetDependency section */

/* Begin XCBuildConfiguration section */
		14CE02C728B53F620063A0BF /* Debug */ = {
			isa = XCBuildConfiguration;
			buildSettings = {
				ALWAYS_SEARCH_USER_PATHS = NO;
				CLANG_ANALYZER_NONNULL = YES;
				CLANG_ANALYZER_NUMBER_OBJECT_CONVERSION = YES_AGGRESSIVE;
				CLANG_CXX_LANGUAGE_STANDARD = "gnu++17";
				CLANG_ENABLE_MODULES = YES;
				CLANG_ENABLE_OBJC_ARC = YES;
				CLANG_ENABLE_OBJC_WEAK = YES;
				CLANG_WARN_BLOCK_CAPTURE_AUTORELEASING = YES;
				CLANG_WARN_BOOL_CONVERSION = YES;
				CLANG_WARN_COMMA = YES;
				CLANG_WARN_CONSTANT_CONVERSION = YES;
				CLANG_WARN_DEPRECATED_OBJC_IMPLEMENTATIONS = YES;
				CLANG_WARN_DIRECT_OBJC_ISA_USAGE = YES_ERROR;
				CLANG_WARN_DOCUMENTATION_COMMENTS = YES;
				CLANG_WARN_EMPTY_BODY = YES;
				CLANG_WARN_ENUM_CONVERSION = YES;
				CLANG_WARN_INFINITE_RECURSION = YES;
				CLANG_WARN_INT_CONVERSION = YES;
				CLANG_WARN_NON_LITERAL_NULL_CONVERSION = YES;
				CLANG_WARN_OBJC_IMPLICIT_RETAIN_SELF = YES;
				CLANG_WARN_OBJC_LITERAL_CONVERSION = YES;
				CLANG_WARN_OBJC_ROOT_CLASS = YES_ERROR;
				CLANG_WARN_QUOTED_INCLUDE_IN_FRAMEWORK_HEADER = YES;
				CLANG_WARN_RANGE_LOOP_ANALYSIS = YES;
				CLANG_WARN_STRICT_PROTOTYPES = YES;
				CLANG_WARN_SUSPICIOUS_MOVE = YES;
				CLANG_WARN_UNGUARDED_AVAILABILITY = YES_AGGRESSIVE;
				CLANG_WARN_UNREACHABLE_CODE = YES;
				CLANG_WARN__DUPLICATE_METHOD_MATCH = YES;
				COPY_PHASE_STRIP = NO;
				DEBUG_INFORMATION_FORMAT = dwarf;
				ENABLE_STRICT_OBJC_MSGSEND = YES;
				ENABLE_TESTABILITY = YES;
				GCC_C_LANGUAGE_STANDARD = gnu11;
				GCC_DYNAMIC_NO_PIC = NO;
				GCC_NO_COMMON_BLOCKS = YES;
				GCC_OPTIMIZATION_LEVEL = 0;
				GCC_PREPROCESSOR_DEFINITIONS = (
					"DEBUG=1",
					"$(inherited)",
				);
				GCC_WARN_64_TO_32_BIT_CONVERSION = YES;
				GCC_WARN_ABOUT_RETURN_TYPE = YES_ERROR;
				GCC_WARN_UNDECLARED_SELECTOR = YES;
				GCC_WARN_UNINITIALIZED_AUTOS = YES_AGGRESSIVE;
				GCC_WARN_UNUSED_FUNCTION = YES;
				GCC_WARN_UNUSED_VARIABLE = YES;
				IPHONEOS_DEPLOYMENT_TARGET = 15.5;
				MTL_ENABLE_DEBUG_INFO = INCLUDE_SOURCE;
				MTL_FAST_MATH = YES;
				ONLY_ACTIVE_ARCH = YES;
				SDKROOT = iphoneos;
				SWIFT_ACTIVE_COMPILATION_CONDITIONS = DEBUG;
				SWIFT_OPTIMIZATION_LEVEL = "-Onone";
			};
			name = Debug;
		};
		14CE02C828B53F620063A0BF /* Release */ = {
			isa = XCBuildConfiguration;
			buildSettings = {
				ALWAYS_SEARCH_USER_PATHS = NO;
				CLANG_ANALYZER_NONNULL = YES;
				CLANG_ANALYZER_NUMBER_OBJECT_CONVERSION = YES_AGGRESSIVE;
				CLANG_CXX_LANGUAGE_STANDARD = "gnu++17";
				CLANG_ENABLE_MODULES = YES;
				CLANG_ENABLE_OBJC_ARC = YES;
				CLANG_ENABLE_OBJC_WEAK = YES;
				CLANG_WARN_BLOCK_CAPTURE_AUTORELEASING = YES;
				CLANG_WARN_BOOL_CONVERSION = YES;
				CLANG_WARN_COMMA = YES;
				CLANG_WARN_CONSTANT_CONVERSION = YES;
				CLANG_WARN_DEPRECATED_OBJC_IMPLEMENTATIONS = YES;
				CLANG_WARN_DIRECT_OBJC_ISA_USAGE = YES_ERROR;
				CLANG_WARN_DOCUMENTATION_COMMENTS = YES;
				CLANG_WARN_EMPTY_BODY = YES;
				CLANG_WARN_ENUM_CONVERSION = YES;
				CLANG_WARN_INFINITE_RECURSION = YES;
				CLANG_WARN_INT_CONVERSION = YES;
				CLANG_WARN_NON_LITERAL_NULL_CONVERSION = YES;
				CLANG_WARN_OBJC_IMPLICIT_RETAIN_SELF = YES;
				CLANG_WARN_OBJC_LITERAL_CONVERSION = YES;
				CLANG_WARN_OBJC_ROOT_CLASS = YES_ERROR;
				CLANG_WARN_QUOTED_INCLUDE_IN_FRAMEWORK_HEADER = YES;
				CLANG_WARN_RANGE_LOOP_ANALYSIS = YES;
				CLANG_WARN_STRICT_PROTOTYPES = YES;
				CLANG_WARN_SUSPICIOUS_MOVE = YES;
				CLANG_WARN_UNGUARDED_AVAILABILITY = YES_AGGRESSIVE;
				CLANG_WARN_UNREACHABLE_CODE = YES;
				CLANG_WARN__DUPLICATE_METHOD_MATCH = YES;
				COPY_PHASE_STRIP = NO;
				DEBUG_INFORMATION_FORMAT = "dwarf-with-dsym";
				ENABLE_NS_ASSERTIONS = NO;
				ENABLE_STRICT_OBJC_MSGSEND = YES;
				GCC_C_LANGUAGE_STANDARD = gnu11;
				GCC_NO_COMMON_BLOCKS = YES;
				GCC_WARN_64_TO_32_BIT_CONVERSION = YES;
				GCC_WARN_ABOUT_RETURN_TYPE = YES_ERROR;
				GCC_WARN_UNDECLARED_SELECTOR = YES;
				GCC_WARN_UNINITIALIZED_AUTOS = YES_AGGRESSIVE;
				GCC_WARN_UNUSED_FUNCTION = YES;
				GCC_WARN_UNUSED_VARIABLE = YES;
				IPHONEOS_DEPLOYMENT_TARGET = 15.5;
				MTL_ENABLE_DEBUG_INFO = NO;
				MTL_FAST_MATH = YES;
				SDKROOT = iphoneos;
				SWIFT_COMPILATION_MODE = wholemodule;
				SWIFT_OPTIMIZATION_LEVEL = "-O";
				VALIDATE_PRODUCT = YES;
			};
			name = Release;
		};
		14CE02CA28B53F620063A0BF /* Debug */ = {
			isa = XCBuildConfiguration;
			buildSettings = {
				ASSETCATALOG_COMPILER_APPICON_NAME = AppIcon;
				ASSETCATALOG_COMPILER_GLOBAL_ACCENT_COLOR_NAME = AccentColor;
				CODE_SIGN_STYLE = Automatic;
				CURRENT_PROJECT_VERSION = 1;
				DEVELOPMENT_ASSET_PATHS = "\"cowboy_cards/Preview Content\"";
				DEVELOPMENT_TEAM = TX9S3Q7NMA;
				ENABLE_PREVIEWS = YES;
				GENERATE_INFOPLIST_FILE = YES;
				INFOPLIST_KEY_UIApplicationSceneManifest_Generation = YES;
				INFOPLIST_KEY_UIApplicationSupportsIndirectInputEvents = YES;
				INFOPLIST_KEY_UILaunchScreen_Generation = YES;
				INFOPLIST_KEY_UISupportedInterfaceOrientations_iPad = "UIInterfaceOrientationPortrait UIInterfaceOrientationPortraitUpsideDown UIInterfaceOrientationLandscapeLeft UIInterfaceOrientationLandscapeRight";
				INFOPLIST_KEY_UISupportedInterfaceOrientations_iPhone = "UIInterfaceOrientationPortrait UIInterfaceOrientationLandscapeLeft UIInterfaceOrientationLandscapeRight";
				LD_RUNPATH_SEARCH_PATHS = (
					"$(inherited)",
					"@executable_path/Frameworks",
				);
				MARKETING_VERSION = 1.0;
				PRODUCT_BUNDLE_IDENTIFIER = "pracky.cowboy-cards";
				PRODUCT_NAME = "$(TARGET_NAME)";
				SWIFT_EMIT_LOC_STRINGS = YES;
				SWIFT_VERSION = 5.0;
				TARGETED_DEVICE_FAMILY = "1,2";
			};
			name = Debug;
		};
		14CE02CB28B53F620063A0BF /* Release */ = {
			isa = XCBuildConfiguration;
			buildSettings = {
				ASSETCATALOG_COMPILER_APPICON_NAME = AppIcon;
				ASSETCATALOG_COMPILER_GLOBAL_ACCENT_COLOR_NAME = AccentColor;
				CODE_SIGN_STYLE = Automatic;
				CURRENT_PROJECT_VERSION = 1;
				DEVELOPMENT_ASSET_PATHS = "\"cowboy_cards/Preview Content\"";
				DEVELOPMENT_TEAM = TX9S3Q7NMA;
				ENABLE_PREVIEWS = YES;
				GENERATE_INFOPLIST_FILE = YES;
				INFOPLIST_KEY_UIApplicationSceneManifest_Generation = YES;
				INFOPLIST_KEY_UIApplicationSupportsIndirectInputEvents = YES;
				INFOPLIST_KEY_UILaunchScreen_Generation = YES;
				INFOPLIST_KEY_UISupportedInterfaceOrientations_iPad = "UIInterfaceOrientationPortrait UIInterfaceOrientationPortraitUpsideDown UIInterfaceOrientationLandscapeLeft UIInterfaceOrientationLandscapeRight";
				INFOPLIST_KEY_UISupportedInterfaceOrientations_iPhone = "UIInterfaceOrientationPortrait UIInterfaceOrientationLandscapeLeft UIInterfaceOrientationLandscapeRight";
				LD_RUNPATH_SEARCH_PATHS = (
					"$(inherited)",
					"@executable_path/Frameworks",
				);
				MARKETING_VERSION = 1.0;
				PRODUCT_BUNDLE_IDENTIFIER = "pracky.cowboy-cards";
				PRODUCT_NAME = "$(TARGET_NAME)";
				SWIFT_EMIT_LOC_STRINGS = YES;
				SWIFT_VERSION = 5.0;
				TARGETED_DEVICE_FAMILY = "1,2";
			};
			name = Release;
		};
		14CE02CD28B53F620063A0BF /* Debug */ = {
			isa = XCBuildConfiguration;
			buildSettings = {
				ALWAYS_EMBED_SWIFT_STANDARD_LIBRARIES = YES;
				BUNDLE_LOADER = "$(TEST_HOST)";
				CODE_SIGN_STYLE = Automatic;
				CURRENT_PROJECT_VERSION = 1;
				DEVELOPMENT_TEAM = TX9S3Q7NMA;
				GENERATE_INFOPLIST_FILE = YES;
				IPHONEOS_DEPLOYMENT_TARGET = 15.5;
				MARKETING_VERSION = 1.0;
				PRODUCT_BUNDLE_IDENTIFIER = "pracky.cowboy-cardsTests";
				PRODUCT_NAME = "$(TARGET_NAME)";
				SWIFT_EMIT_LOC_STRINGS = NO;
				SWIFT_VERSION = 5.0;
				TARGETED_DEVICE_FAMILY = "1,2";
				TEST_HOST = "$(BUILT_PRODUCTS_DIR)/cowboy_cards.app/cowboy_cards";
			};
			name = Debug;
		};
		14CE02CE28B53F620063A0BF /* Release */ = {
			isa = XCBuildConfiguration;
			buildSettings = {
				ALWAYS_EMBED_SWIFT_STANDARD_LIBRARIES = YES;
				BUNDLE_LOADER = "$(TEST_HOST)";
				CODE_SIGN_STYLE = Automatic;
				CURRENT_PROJECT_VERSION = 1;
				DEVELOPMENT_TEAM = TX9S3Q7NMA;
				GENERATE_INFOPLIST_FILE = YES;
				IPHONEOS_DEPLOYMENT_TARGET = 15.5;
				MARKETING_VERSION = 1.0;
				PRODUCT_BUNDLE_IDENTIFIER = "pracky.cowboy-cardsTests";
				PRODUCT_NAME = "$(TARGET_NAME)";
				SWIFT_EMIT_LOC_STRINGS = NO;
				SWIFT_VERSION = 5.0;
				TARGETED_DEVICE_FAMILY = "1,2";
				TEST_HOST = "$(BUILT_PRODUCTS_DIR)/cowboy_cards.app/cowboy_cards";
			};
			name = Release;
		};
		14CE02D028B53F620063A0BF /* Debug */ = {
			isa = XCBuildConfiguration;
			buildSettings = {
				ALWAYS_EMBED_SWIFT_STANDARD_LIBRARIES = YES;
				CODE_SIGN_STYLE = Automatic;
				CURRENT_PROJECT_VERSION = 1;
				DEVELOPMENT_TEAM = TX9S3Q7NMA;
				GENERATE_INFOPLIST_FILE = YES;
				MARKETING_VERSION = 1.0;
				PRODUCT_BUNDLE_IDENTIFIER = "pracky.cowboy-cardsUITests";
				PRODUCT_NAME = "$(TARGET_NAME)";
				SWIFT_EMIT_LOC_STRINGS = NO;
				SWIFT_VERSION = 5.0;
				TARGETED_DEVICE_FAMILY = "1,2";
				TEST_TARGET_NAME = cowboy_cards;
			};
			name = Debug;
		};
		14CE02D128B53F620063A0BF /* Release */ = {
			isa = XCBuildConfiguration;
			buildSettings = {
				ALWAYS_EMBED_SWIFT_STANDARD_LIBRARIES = YES;
				CODE_SIGN_STYLE = Automatic;
				CURRENT_PROJECT_VERSION = 1;
				DEVELOPMENT_TEAM = TX9S3Q7NMA;
				GENERATE_INFOPLIST_FILE = YES;
				MARKETING_VERSION = 1.0;
				PRODUCT_BUNDLE_IDENTIFIER = "pracky.cowboy-cardsUITests";
				PRODUCT_NAME = "$(TARGET_NAME)";
				SWIFT_EMIT_LOC_STRINGS = NO;
				SWIFT_VERSION = 5.0;
				TARGETED_DEVICE_FAMILY = "1,2";
				TEST_TARGET_NAME = cowboy_cards;
			};
			name = Release;
		};
/* End XCBuildConfiguration section */

/* Begin XCConfigurationList section */
		14CE02A028B53F5D0063A0BF /* Build configuration list for PBXProject "cowboy_cards" */ = {
			isa = XCConfigurationList;
			buildConfigurations = (
				14CE02C728B53F620063A0BF /* Debug */,
				14CE02C828B53F620063A0BF /* Release */,
			);
			defaultConfigurationIsVisible = 0;
			defaultConfigurationName = Release;
		};
		14CE02C928B53F620063A0BF /* Build configuration list for PBXNativeTarget "cowboy_cards" */ = {
			isa = XCConfigurationList;
			buildConfigurations = (
				14CE02CA28B53F620063A0BF /* Debug */,
				14CE02CB28B53F620063A0BF /* Release */,
			);
			defaultConfigurationIsVisible = 0;
			defaultConfigurationName = Release;
		};
		14CE02CC28B53F620063A0BF /* Build configuration list for PBXNativeTarget "cowboy_cardsTests" */ = {
			isa = XCConfigurationList;
			buildConfigurations = (
				14CE02CD28B53F620063A0BF /* Debug */,
				14CE02CE28B53F620063A0BF /* Release */,
			);
			defaultConfigurationIsVisible = 0;
			defaultConfigurationName = Release;
		};
		14CE02CF28B53F620063A0BF /* Build configuration list for PBXNativeTarget "cowboy_cardsUITests" */ = {
			isa = XCConfigurationList;
			buildConfigurations = (
				14CE02D028B53F620063A0BF /* Debug */,
				14CE02D128B53F620063A0BF /* Release */,
			);
			defaultConfigurationIsVisible = 0;
			defaultConfigurationName = Release;
		};
/* End XCConfigurationList section */
	};
	rootObject = 14CE029D28B53F5D0063A0BF /* Project object */;
}
